
Microsoft Visual Studio Solution File, Format Version 12.00
# Visual Studio Version 17
VisualStudioVersion = 17.1.32407.343
MinimumVisualStudioVersion = 10.0.40219.1
Project("{FAE04EC0-301F-11D3-BF4B-00C04F79EFBC}") = "MAP_19.10", "MAP_19.10\MAP_19.10.csproj", "{ED6226CE-9692-48C2-9305-A0F2662D2EA6}"
EndProject
Global
	GlobalSection(SolutionConfigurationPlatforms) = preSolution
		Debug|Any CPU = Debug|Any CPU
		Release|Any CPU = Release|Any CPU
	EndGlobalSection
	GlobalSection(ProjectConfigurationPlatforms) = postSolution
		{ED6226CE-9692-48C2-9305-A0F2662D2EA6}.Debug|Any CPU.ActiveCfg = Debug|Any CPU
		{ED6226CE-9692-48C2-9305-A0F2662D2EA6}.Debug|Any CPU.Build.0 = Debug|Any CPU
		{ED6226CE-9692-48C2-9305-A0F2662D2EA6}.Release|Any CPU.ActiveCfg = Release|Any CPU
		{ED6226CE-9692-48C2-9305-A0F2662D2EA6}.Release|Any CPU.Build.0 = Release|Any CPU
	EndGlobalSection
	GlobalSection(SolutionProperties) = preSolution
		HideSolutionNode = FALSE
	EndGlobalSection
	GlobalSection(ExtensibilityGlobals) = postSolution
		SolutionGuid = {5BEC3947-7E71-4CC3-AE88-DE4469CBCBAC}
	EndGlobalSection
EndGlobal
